
Microsoft Visual Studio Solution File, Format Version 12.00
# Visual Studio 15
VisualStudioVersion = 15.0.27703.2042
MinimumVisualStudioVersion = 10.0.40219.1
Project("{FAE04EC0-301F-11D3-BF4B-00C04F79EFBC}") = "MaterialSharp", "MaterialSharp\MaterialSharp.csproj", "{86DF256E-37A5-4684-9D06-92EC0A8C0CD0}"
EndProject
Project("{2150E333-8FDC-42A3-9474-1A3956D46DE8}") = "Solution Items", "Solution Items", "{60007322-6A58-4018-BFAE-3D599F20C9C6}"
	ProjectSection(SolutionItems) = preProject
		.gitignore = .gitignore
		README.md = README.md
	EndProjectSection
EndProject
Global
	GlobalSection(SolutionConfigurationPlatforms) = preSolution
		Debug|Any CPU = Debug|Any CPU
		Debug|x64 = Debug|x64
		Debug|x86 = Debug|x86
		Release|Any CPU = Release|Any CPU
		Release|x64 = Release|x64
		Release|x86 = Release|x86
	EndGlobalSection
	GlobalSection(ProjectConfigurationPlatforms) = postSolution
		{86DF256E-37A5-4684-9D06-92EC0A8C0CD0}.Debug|Any CPU.ActiveCfg = Debug|Any CPU
		{86DF256E-37A5-4684-9D06-92EC0A8C0CD0}.Debug|Any CPU.Build.0 = Debug|Any CPU
		{86DF256E-37A5-4684-9D06-92EC0A8C0CD0}.Debug|x64.ActiveCfg = Debug|x64
		{86DF256E-37A5-4684-9D06-92EC0A8C0CD0}.Debug|x64.Build.0 = Debug|x64
		{86DF256E-37A5-4684-9D06-92EC0A8C0CD0}.Debug|x86.ActiveCfg = Debug|x86
		{86DF256E-37A5-4684-9D06-92EC0A8C0CD0}.Debug|x86.Build.0 = Debug|x86
		{86DF256E-37A5-4684-9D06-92EC0A8C0CD0}.Release|Any CPU.ActiveCfg = Release|Any CPU
		{86DF256E-37A5-4684-9D06-92EC0A8C0CD0}.Release|Any CPU.Build.0 = Release|Any CPU
		{86DF256E-37A5-4684-9D06-92EC0A8C0CD0}.Release|x64.ActiveCfg = Release|x64
		{86DF256E-37A5-4684-9D06-92EC0A8C0CD0}.Release|x64.Build.0 = Release|x64
		{86DF256E-37A5-4684-9D06-92EC0A8C0CD0}.Release|x86.ActiveCfg = Release|x86
		{86DF256E-37A5-4684-9D06-92EC0A8C0CD0}.Release|x86.Build.0 = Release|x86
	EndGlobalSection
	GlobalSection(SolutionProperties) = preSolution
		HideSolutionNode = FALSE
	EndGlobalSection
	GlobalSection(ExtensibilityGlobals) = postSolution
		SolutionGuid = {961CC4BF-BC81-4367-B37F-CAA2C6BBE5A7}
	EndGlobalSection
EndGlobal
